
Microsoft Visual Studio Solution File, Format Version 12.00
# Visual Studio Version 17
VisualStudioVersion = 17.7.34202.233
MinimumVisualStudioVersion = 10.0.40219.1
Project("{FAE04EC0-301F-11D3-BF4B-00C04F79EFBC}") = "ClassPractice_05_03_2024", "ClassPractice_05_03_2024\ClassPractice_05_03_2024.csproj", "{2D824196-3991-4660-B479-00209F002A7D}"
EndProject
Global
	GlobalSection(SolutionConfigurationPlatforms) = preSolution
		Debug|Any CPU = Debug|Any CPU
		Release|Any CPU = Release|Any CPU
	EndGlobalSection
	GlobalSection(ProjectConfigurationPlatforms) = postSolution
		{2D824196-3991-4660-B479-00209F002A7D}.Debug|Any CPU.ActiveCfg = Debug|Any CPU
		{2D824196-3991-4660-B479-00209F002A7D}.Debug|Any CPU.Build.0 = Debug|Any CPU
		{2D824196-3991-4660-B479-00209F002A7D}.Release|Any CPU.ActiveCfg = Release|Any CPU
		{2D824196-3991-4660-B479-00209F002A7D}.Release|Any CPU.Build.0 = Release|Any CPU
	EndGlobalSection
	GlobalSection(SolutionProperties) = preSolution
		HideSolutionNode = FALSE
	EndGlobalSection
	GlobalSection(ExtensibilityGlobals) = postSolution
		SolutionGuid = {B550A180-89AD-4D00-938C-9F826367B584}
	EndGlobalSection
EndGlobal
